
Microsoft Visual Studio Solution File, Format Version 12.00
# Visual Studio Version 16
VisualStudioVersion = 16.0.29306.81
MinimumVisualStudioVersion = 10.0.40219.1
Project("{FAE04EC0-301F-11D3-BF4B-00C04F79EFBC}") = "LAB5", "LAB5\LAB5.csproj", "{C123602F-7151-466D-A540-EDCEB12E65D4}"
EndProject
Global
	GlobalSection(SolutionConfigurationPlatforms) = preSolution
		Debug|Any CPU = Debug|Any CPU
		Release|Any CPU = Release|Any CPU
	EndGlobalSection
	GlobalSection(ProjectConfigurationPlatforms) = postSolution
		{C123602F-7151-466D-A540-EDCEB12E65D4}.Debug|Any CPU.ActiveCfg = Debug|Any CPU
		{C123602F-7151-466D-A540-EDCEB12E65D4}.Debug|Any CPU.Build.0 = Debug|Any CPU
		{C123602F-7151-466D-A540-EDCEB12E65D4}.Release|Any CPU.ActiveCfg = Release|Any CPU
		{C123602F-7151-466D-A540-EDCEB12E65D4}.Release|Any CPU.Build.0 = Release|Any CPU
	EndGlobalSection
	GlobalSection(SolutionProperties) = preSolution
		HideSolutionNode = FALSE
	EndGlobalSection
	GlobalSection(ExtensibilityGlobals) = postSolution
		SolutionGuid = {B2FB0D40-C817-4AE2-873E-11E820AC7E9B}
	EndGlobalSection
EndGlobal
